{
  "name": "neondb-question-portal",
  "version": "1.0.0",
  "lockfileVersion": 2,
  "requires": true,
  "packages": {
    "": {
      "name": "neondb-question-portal",
      "version": "1.0.0",
      "dependencies": {
        "pg": "^8.11.0"
      }
    },
    "node_modules/pg": {
      "version": "8.11.0",
      "resolved": "https://registry.npmjs.org/pg/-/pg-8.11.0.tgz",
      "integrity": "sha512-1yq8Y0WnQb3ZvLJ9Y2S0dU2wZ1bXKbGzHZk8q1/kp7qoYvP8zJxPwC0T7S0T8LcR/9d2+1F8L0LQ1dL9L8L5w==",
      "dependencies": {
        "buffer-writer": "2.0.0",
        "packet-reader": "1.0.0",
        "pg-connection-string": "^2.5.0",
        "pg-pool": "^3.5.1",
        "pg-pquery": "3.1.0",
        "pg-protocol": "^1.5.0",
        "pg-types": "^2.1.0",
        "pgpass": "^1.0.0",
        "semver": "^4.3.2"
      },
      "engines": {
        "node": ">= 12.0.0"
      }
    },
    "node_modules/pg-connection-string": {
      "version": "2.5.0",
      "resolved": "https://registry.npmjs.org/pg-connection-string/-/pg-connection-string-2.5.0.tgz",
      "integrity": "sha512-r5o/V/ORTA6TmUnyWZR9nCj1klXCO2CEKNRlVuJptZe85QuhFayC7WeMic7sfay4aLRKCNJp2u6I42aQWQfD7w=="
    },
    "node_modules/pg-pool": {
      "version": "3.5.1",
      "resolved": "https://registry.npmjs.org/pg-pool/-/pg-pool-3.5.1.tgz",
      "integrity": "sha512-6iCR0wVrro6OOHFsyavV+i6KYL4lVNyPYT/kDB7cRS8vEYs0vq9I/ZDXcoLkDn2cW9k0/W4jySlQOZ8FFqBWAA=="
    },
    "node_modules/pg-types": {
      "version": "2.2.0",
      "resolved": "https://registry.npmjs.org/pg-types/-/pg-types-2.2.0.tgz",
      "integrity": "sha512-qTAAlrEsl8s4OiEQY69wDvcMIdQN6wdz5ojQiOy6YRMuynxenON0O5oCpJI6lshc6scgAY8qvJ2On/p+CXY0GA==",
      "dependencies": {
        "postgres-array": "~2.0.0",
        "postgres-bytea": "~1.0.0",
        "postgres-date": "~1.0.4",
        "postgres-interval": "^1.1.0"
      }
    },
    "node_modules/pgpass": {
      "version": "1.0.5",
      "resolved": "https://registry.npmjs.org/pgpass/-/pgpass-1.0.5.tgz",
      "integrity": "sha512-FdW9r/jQZhSeohs1Z3sI1yxFQNFvMcnmfuj4WBMUTxOrAyLMaTcE1aAMBiTlbMNaXvBCQuVi0R7hd8udDSP7ug==",
      "dependencies": {
        "split2": "^4.1.0"
      }
    }
  }
}